
Microsoft Visual Studio Solution File, Format Version 12.00
# Visual Studio Version 17
VisualStudioVersion = 17.0.31903.59
MinimumVisualStudioVersion = 10.0.40219.1
Project("{FAE04EC0-301F-11D3-BF4B-00C04F79EFBC}") = "Evo.Foundation", "platform\Evo.Foundation\src\Evo.Foundation\Evo.Foundation.csproj", "{4FB97B17-892F-42A0-86EE-8A2DA98CC646}"
EndProject
Project("{FAE04EC0-301F-11D3-BF4B-00C04F79EFBC}") = "Evo.Core", "platform\Evo.Core\src\Evo.Core\Evo.Core.csproj", "{9214FFAD-13C7-4248-AB8F-EE31BC5503DE}"
EndProject
Project("{FAE04EC0-301F-11D3-BF4B-00C04F79EFBC}") = "Evo.Shared", "platform\Evo.Shared\src\Evo.Shared\Evo.Shared.csproj", "{DBA0395A-594B-43BF-91CE-0190BFC48511}"
EndProject
Project("{FAE04EC0-301F-11D3-BF4B-00C04F79EFBC}") = "Evo.Tests", "platform\Evo.Tests\src\Evo.Tests\Evo.Tests.csproj", "{887D0CC3-23DD-45D8-B140-ED6F89932C32}"
EndProject
Project("{2150E333-8FDC-42A3-9474-1A3956D46DE8}") = "samples", "samples", "{AE49D761-A782-2099-29A5-159B937B43CB}"
EndProject
Project("{2150E333-8FDC-42A3-9474-1A3956D46DE8}") = "Evo.MOBA", "Evo.MOBA", "{D6165DDF-5D62-9B4F-D5A0-BD8E012D25C9}"
EndProject
Project("{2150E333-8FDC-42A3-9474-1A3956D46DE8}") = "src", "src", "{5214C7F7-A347-63B3-5361-9459C2EA3717}"
EndProject
Project("{FAE04EC0-301F-11D3-BF4B-00C04F79EFBC}") = "Evo.MOBA", "samples\Evo.MOBA\src\Evo.MOBA\Evo.MOBA.csproj", "{DE5EC2E4-18DC-4F3D-8818-66CA2AEC6E60}"
EndProject
Project("{2150E333-8FDC-42A3-9474-1A3956D46DE8}") = "Evo.Gameplay", "Evo.Gameplay", "{E1C25F83-4A7D-4B3E-9C61-82D5F4A1B73C}"
EndProject
Project("{2150E333-8FDC-42A3-9474-1A3956D46DE8}") = "src", "src", "{3207CF55-8DF4-4B17-9E26-14C95B8A6D92}"
EndProject
Project("{FAE04EC0-301F-11D3-BF4B-00C04F79EFBC}") = "Evo.Gameplay", "samples\Evo.Gameplay\src\Evo.Gameplay\Evo.Gameplay.csproj", "{283B8F1A-4E5D-4C2A-9F7B-1D3E5A8C2F0B}"
EndProject
Project("{2150E333-8FDC-42A3-9474-1A3956D46DE8}") = "tools", "tools", "{07C2787E-EAC7-C090-1BA3-A61EC2A24D84}"
EndProject
Project("{2150E333-8FDC-42A3-9474-1A3956D46DE8}") = "MATE.Playground", "MATE.Playground", "{CF21E937-10D7-7C28-40A0-507EACB4C472}"
EndProject
Project("{2150E333-8FDC-42A3-9474-1A3956D46DE8}") = "src", "src", "{B3AD7126-E9DD-4745-9EDA-9CFF713A3184}"
EndProject
Project("{FAE04EC0-301F-11D3-BF4B-00C04F79EFBC}") = "MATE.Playground", "tools\MATE.Playground\src\MATE.Playground\MATE.Playground.csproj", "{B1954A56-5D7B-4AA1-9491-3EAA004F687F}"
EndProject
Project("{FAE04EC0-301F-11D3-BF4B-00C04F79EFBC}") = "MateOS.Core", "platform\MateOS.Core\src\MateOS.Core\MateOS.Core.csproj", "{0C606396-2306-4881-95A0-6FEDC5380D75}"
EndProject
Project("{2150E333-8FDC-42A3-9474-1A3956D46DE8}") = "benchmarks", "benchmarks", "{66320409-64EC-F7C5-3DEF-65E7510DAAD1}"
EndProject
Project("{FAE04EC0-301F-11D3-BF4B-00C04F79EFBC}") = "Evo.Benchmarks", "benchmarks\Evo.Benchmarks\Evo.Benchmarks.csproj", "{B4654B41-051C-450B-B668-D9D7BCB43F46}"
EndProject
Project("{2150E333-8FDC-42A3-9474-1A3956D46DE8}") = "platform", "platform", "{E54149B9-7F22-367F-9CC5-FD829E3AA07B}"
EndProject
Project("{2150E333-8FDC-42A3-9474-1A3956D46DE8}") = "Evo.Core", "Evo.Core", "{4C7497C3-0F80-DCD5-99A6-3ECCF8198102}"
EndProject
Project("{2150E333-8FDC-42A3-9474-1A3956D46DE8}") = "src", "src", "{754D130A-2CE4-1E44-62ED-B262CB5960E3}"
EndProject
Project("{2150E333-8FDC-42A3-9474-1A3956D46DE8}") = "Evo.Shared", "Evo.Shared", "{AEDD3DE3-36F3-AB32-3450-534F14145192}"
EndProject
Project("{2150E333-8FDC-42A3-9474-1A3956D46DE8}") = "src", "src", "{649A22E6-A8D2-1D46-2F85-9DFDC83FE4FD}"
EndProject
Project("{2150E333-8FDC-42A3-9474-1A3956D46DE8}") = "MATE OS", "MATE OS", "{D348CD12-19BB-57A3-8CB3-A8EC209FA751}"
EndProject
Project("{2150E333-8FDC-42A3-9474-1A3956D46DE8}") = "Evo.Quickstart", "Evo.Quickstart", "{6A1A463C-F84E-D307-86B7-B44C83236ECD}"
EndProject
Project("{2150E333-8FDC-42A3-9474-1A3956D46DE8}") = "src", "src", "{29958A53-807C-4B7F-41A9-B8636B4945B5}"
EndProject
Project("{FAE04EC0-301F-11D3-BF4B-00C04F79EFBC}") = "Evo.Quickstart", "samples\Evo.Quickstart\src\Evo.Quickstart\Evo.Quickstart.csproj", "{6A4B73A7-5E36-4A4C-ABEF-4EA5FE1FCFD5}"
EndProject
Global
	GlobalSection(SolutionConfigurationPlatforms) = preSolution
		Debug|Any CPU = Debug|Any CPU
		Debug|x64 = Debug|x64
		Debug|x86 = Debug|x86
		Release|Any CPU = Release|Any CPU
		Release|x64 = Release|x64
		Release|x86 = Release|x86
	EndGlobalSection
	GlobalSection(ProjectConfigurationPlatforms) = postSolution
		{4FB97B17-892F-42A0-86EE-8A2DA98CC646}.Debug|Any CPU.ActiveCfg = Debug|Any CPU
		{4FB97B17-892F-42A0-86EE-8A2DA98CC646}.Debug|Any CPU.Build.0 = Debug|Any CPU
		{4FB97B17-892F-42A0-86EE-8A2DA98CC646}.Debug|x64.ActiveCfg = Debug|Any CPU
		{4FB97B17-892F-42A0-86EE-8A2DA98CC646}.Debug|x64.Build.0 = Debug|Any CPU
		{4FB97B17-892F-42A0-86EE-8A2DA98CC646}.Debug|x86.ActiveCfg = Debug|Any CPU
		{4FB97B17-892F-42A0-86EE-8A2DA98CC646}.Debug|x86.Build.0 = Debug|Any CPU
		{4FB97B17-892F-42A0-86EE-8A2DA98CC646}.Release|Any CPU.ActiveCfg = Release|Any CPU
		{4FB97B17-892F-42A0-86EE-8A2DA98CC646}.Release|Any CPU.Build.0 = Release|Any CPU
		{4FB97B17-892F-42A0-86EE-8A2DA98CC646}.Release|x64.ActiveCfg = Release|Any CPU
		{4FB97B17-892F-42A0-86EE-8A2DA98CC646}.Release|x64.Build.0 = Release|Any CPU
		{4FB97B17-892F-42A0-86EE-8A2DA98CC646}.Release|x86.ActiveCfg = Release|Any CPU
		{4FB97B17-892F-42A0-86EE-8A2DA98CC646}.Release|x86.Build.0 = Release|Any CPU
		{9214FFAD-13C7-4248-AB8F-EE31BC5503DE}.Debug|Any CPU.ActiveCfg = Debug|Any CPU
		{9214FFAD-13C7-4248-AB8F-EE31BC5503DE}.Debug|Any CPU.Build.0 = Debug|Any CPU
		{9214FFAD-13C7-4248-AB8F-EE31BC5503DE}.Debug|x64.ActiveCfg = Debug|Any CPU
		{9214FFAD-13C7-4248-AB8F-EE31BC5503DE}.Debug|x64.Build.0 = Debug|Any CPU
		{9214FFAD-13C7-4248-AB8F-EE31BC5503DE}.Debug|x86.ActiveCfg = Debug|Any CPU
		{9214FFAD-13C7-4248-AB8F-EE31BC5503DE}.Debug|x86.Build.0 = Debug|Any CPU
		{9214FFAD-13C7-4248-AB8F-EE31BC5503DE}.Release|Any CPU.ActiveCfg = Release|Any CPU
		{9214FFAD-13C7-4248-AB8F-EE31BC5503DE}.Release|Any CPU.Build.0 = Release|Any CPU
		{9214FFAD-13C7-4248-AB8F-EE31BC5503DE}.Release|x64.ActiveCfg = Release|Any CPU
		{9214FFAD-13C7-4248-AB8F-EE31BC5503DE}.Release|x64.Build.0 = Release|Any CPU
		{9214FFAD-13C7-4248-AB8F-EE31BC5503DE}.Release|x86.ActiveCfg = Release|Any CPU
		{9214FFAD-13C7-4248-AB8F-EE31BC5503DE}.Release|x86.Build.0 = Release|Any CPU
		{DBA0395A-594B-43BF-91CE-0190BFC48511}.Debug|Any CPU.ActiveCfg = Debug|Any CPU
		{DBA0395A-594B-43BF-91CE-0190BFC48511}.Debug|Any CPU.Build.0 = Debug|Any CPU
		{DBA0395A-594B-43BF-91CE-0190BFC48511}.Debug|x64.ActiveCfg = Debug|Any CPU
		{DBA0395A-594B-43BF-91CE-0190BFC48511}.Debug|x64.Build.0 = Debug|Any CPU
		{DBA0395A-594B-43BF-91CE-0190BFC48511}.Debug|x86.ActiveCfg = Debug|Any CPU
		{DBA0395A-594B-43BF-91CE-0190BFC48511}.Debug|x86.Build.0 = Debug|Any CPU
		{DBA0395A-594B-43BF-91CE-0190BFC48511}.Release|Any CPU.ActiveCfg = Release|Any CPU
		{DBA0395A-594B-43BF-91CE-0190BFC48511}.Release|Any CPU.Build.0 = Release|Any CPU
		{DBA0395A-594B-43BF-91CE-0190BFC48511}.Release|x64.ActiveCfg = Release|Any CPU
		{DBA0395A-594B-43BF-91CE-0190BFC48511}.Release|x64.Build.0 = Release|Any CPU
		{DBA0395A-594B-43BF-91CE-0190BFC48511}.Release|x86.ActiveCfg = Release|Any CPU
		{DBA0395A-594B-43BF-91CE-0190BFC48511}.Release|x86.Build.0 = Release|Any CPU
		{887D0CC3-23DD-45D8-B140-ED6F89932C32}.Debug|Any CPU.ActiveCfg = Debug|Any CPU
		{887D0CC3-23DD-45D8-B140-ED6F89932C32}.Debug|Any CPU.Build.0 = Debug|Any CPU
		{887D0CC3-23DD-45D8-B140-ED6F89932C32}.Debug|x64.ActiveCfg = Debug|Any CPU
		{887D0CC3-23DD-45D8-B140-ED6F89932C32}.Debug|x64.Build.0 = Debug|Any CPU
		{887D0CC3-23DD-45D8-B140-ED6F89932C32}.Debug|x86.ActiveCfg = Debug|Any CPU
		{887D0CC3-23DD-45D8-B140-ED6F89932C32}.Debug|x86.Build.0 = Debug|Any CPU
		{887D0CC3-23DD-45D8-B140-ED6F89932C32}.Release|Any CPU.ActiveCfg = Release|Any CPU
		{887D0CC3-23DD-45D8-B140-ED6F89932C32}.Release|Any CPU.Build.0 = Release|Any CPU
		{887D0CC3-23DD-45D8-B140-ED6F89932C32}.Release|x64.ActiveCfg = Release|Any CPU
		{887D0CC3-23DD-45D8-B140-ED6F89932C32}.Release|x64.Build.0 = Release|Any CPU
		{887D0CC3-23DD-45D8-B140-ED6F89932C32}.Release|x86.ActiveCfg = Release|Any CPU
		{887D0CC3-23DD-45D8-B140-ED6F89932C32}.Release|x86.Build.0 = Release|Any CPU
		{DE5EC2E4-18DC-4F3D-8818-66CA2AEC6E60}.Debug|Any CPU.ActiveCfg = Debug|Any CPU
		{DE5EC2E4-18DC-4F3D-8818-66CA2AEC6E60}.Debug|Any CPU.Build.0 = Debug|Any CPU
		{DE5EC2E4-18DC-4F3D-8818-66CA2AEC6E60}.Debug|x64.ActiveCfg = Debug|Any CPU
		{DE5EC2E4-18DC-4F3D-8818-66CA2AEC6E60}.Debug|x64.Build.0 = Debug|Any CPU
		{DE5EC2E4-18DC-4F3D-8818-66CA2AEC6E60}.Debug|x86.ActiveCfg = Debug|Any CPU
		{DE5EC2E4-18DC-4F3D-8818-66CA2AEC6E60}.Debug|x86.Build.0 = Debug|Any CPU
		{DE5EC2E4-18DC-4F3D-8818-66CA2AEC6E60}.Release|Any CPU.ActiveCfg = Release|Any CPU
		{DE5EC2E4-18DC-4F3D-8818-66CA2AEC6E60}.Release|Any CPU.Build.0 = Release|Any CPU
		{DE5EC2E4-18DC-4F3D-8818-66CA2AEC6E60}.Release|x64.ActiveCfg = Release|Any CPU
		{DE5EC2E4-18DC-4F3D-8818-66CA2AEC6E60}.Release|x64.Build.0 = Release|Any CPU
		{DE5EC2E4-18DC-4F3D-8818-66CA2AEC6E60}.Release|x86.ActiveCfg = Release|Any CPU
		{DE5EC2E4-18DC-4F3D-8818-66CA2AEC6E60}.Release|x86.Build.0 = Release|Any CPU
		{283B8F1A-4E5D-4C2A-9F7B-1D3E5A8C2F0B}.Debug|Any CPU.ActiveCfg = Debug|Any CPU
		{283B8F1A-4E5D-4C2A-9F7B-1D3E5A8C2F0B}.Debug|Any CPU.Build.0 = Debug|Any CPU
		{283B8F1A-4E5D-4C2A-9F7B-1D3E5A8C2F0B}.Debug|x64.ActiveCfg = Debug|Any CPU
		{283B8F1A-4E5D-4C2A-9F7B-1D3E5A8C2F0B}.Debug|x64.Build.0 = Debug|Any CPU
		{283B8F1A-4E5D-4C2A-9F7B-1D3E5A8C2F0B}.Debug|x86.ActiveCfg = Debug|Any CPU
		{283B8F1A-4E5D-4C2A-9F7B-1D3E5A8C2F0B}.Debug|x86.Build.0 = Debug|Any CPU
		{283B8F1A-4E5D-4C2A-9F7B-1D3E5A8C2F0B}.Release|Any CPU.ActiveCfg = Release|Any CPU
		{283B8F1A-4E5D-4C2A-9F7B-1D3E5A8C2F0B}.Release|Any CPU.Build.0 = Release|Any CPU
		{283B8F1A-4E5D-4C2A-9F7B-1D3E5A8C2F0B}.Release|x64.ActiveCfg = Release|Any CPU
		{283B8F1A-4E5D-4C2A-9F7B-1D3E5A8C2F0B}.Release|x64.Build.0 = Release|Any CPU
		{283B8F1A-4E5D-4C2A-9F7B-1D3E5A8C2F0B}.Release|x86.ActiveCfg = Release|Any CPU
		{283B8F1A-4E5D-4C2A-9F7B-1D3E5A8C2F0B}.Release|x86.Build.0 = Release|Any CPU
		{B1954A56-5D7B-4AA1-9491-3EAA004F687F}.Debug|Any CPU.ActiveCfg = Debug|Any CPU
		{B1954A56-5D7B-4AA1-9491-3EAA004F687F}.Debug|Any CPU.Build.0 = Debug|Any CPU
		{B1954A56-5D7B-4AA1-9491-3EAA004F687F}.Debug|x64.ActiveCfg = Debug|Any CPU
		{B1954A56-5D7B-4AA1-9491-3EAA004F687F}.Debug|x64.Build.0 = Debug|Any CPU
		{B1954A56-5D7B-4AA1-9491-3EAA004F687F}.Debug|x86.ActiveCfg = Debug|Any CPU
		{B1954A56-5D7B-4AA1-9491-3EAA004F687F}.Debug|x86.Build.0 = Debug|Any CPU
		{B1954A56-5D7B-4AA1-9491-3EAA004F687F}.Release|Any CPU.ActiveCfg = Release|Any CPU
		{B1954A56-5D7B-4AA1-9491-3EAA004F687F}.Release|Any CPU.Build.0 = Release|Any CPU
		{B1954A56-5D7B-4AA1-9491-3EAA004F687F}.Release|x64.ActiveCfg = Release|Any CPU
		{B1954A56-5D7B-4AA1-9491-3EAA004F687F}.Release|x64.Build.0 = Release|Any CPU
		{B1954A56-5D7B-4AA1-9491-3EAA004F687F}.Release|x86.ActiveCfg = Release|Any CPU
		{B1954A56-5D7B-4AA1-9491-3EAA004F687F}.Release|x86.Build.0 = Release|Any CPU
		{0C606396-2306-4881-95A0-6FEDC5380D75}.Debug|Any CPU.ActiveCfg = Debug|Any CPU
		{0C606396-2306-4881-95A0-6FEDC5380D75}.Debug|Any CPU.Build.0 = Debug|Any CPU
		{0C606396-2306-4881-95A0-6FEDC5380D75}.Debug|x64.ActiveCfg = Debug|Any CPU
		{0C606396-2306-4881-95A0-6FEDC5380D75}.Debug|x64.Build.0 = Debug|Any CPU
		{0C606396-2306-4881-95A0-6FEDC5380D75}.Debug|x86.ActiveCfg = Debug|Any CPU
		{0C606396-2306-4881-95A0-6FEDC5380D75}.Debug|x86.Build.0 = Debug|Any CPU
		{0C606396-2306-4881-95A0-6FEDC5380D75}.Release|Any CPU.ActiveCfg = Release|Any CPU
		{0C606396-2306-4881-95A0-6FEDC5380D75}.Release|Any CPU.Build.0 = Release|Any CPU
		{0C606396-2306-4881-95A0-6FEDC5380D75}.Release|x64.ActiveCfg = Release|Any CPU
		{0C606396-2306-4881-95A0-6FEDC5380D75}.Release|x64.Build.0 = Release|Any CPU
		{0C606396-2306-4881-95A0-6FEDC5380D75}.Release|x86.ActiveCfg = Release|Any CPU
		{0C606396-2306-4881-95A0-6FEDC5380D75}.Release|x86.Build.0 = Release|Any CPU
		{B4654B41-051C-450B-B668-D9D7BCB43F46}.Debug|Any CPU.ActiveCfg = Debug|Any CPU
		{B4654B41-051C-450B-B668-D9D7BCB43F46}.Debug|Any CPU.Build.0 = Debug|Any CPU
		{B4654B41-051C-450B-B668-D9D7BCB43F46}.Debug|x64.ActiveCfg = Debug|Any CPU
		{B4654B41-051C-450B-B668-D9D7BCB43F46}.Debug|x64.Build.0 = Debug|Any CPU
		{B4654B41-051C-450B-B668-D9D7BCB43F46}.Debug|x86.ActiveCfg = Debug|Any CPU
		{B4654B41-051C-450B-B668-D9D7BCB43F46}.Debug|x86.Build.0 = Debug|Any CPU
		{B4654B41-051C-450B-B668-D9D7BCB43F46}.Release|Any CPU.ActiveCfg = Release|Any CPU
		{B4654B41-051C-450B-B668-D9D7BCB43F46}.Release|Any CPU.Build.0 = Release|Any CPU
		{B4654B41-051C-450B-B668-D9D7BCB43F46}.Release|x64.ActiveCfg = Release|Any CPU
		{B4654B41-051C-450B-B668-D9D7BCB43F46}.Release|x64.Build.0 = Release|Any CPU
		{B4654B41-051C-450B-B668-D9D7BCB43F46}.Release|x86.ActiveCfg = Release|Any CPU
		{B4654B41-051C-450B-B668-D9D7BCB43F46}.Release|x86.Build.0 = Release|Any CPU
		{6A4B73A7-5E36-4A4C-ABEF-4EA5FE1FCFD5}.Debug|Any CPU.ActiveCfg = Debug|Any CPU
		{6A4B73A7-5E36-4A4C-ABEF-4EA5FE1FCFD5}.Debug|Any CPU.Build.0 = Debug|Any CPU
		{6A4B73A7-5E36-4A4C-ABEF-4EA5FE1FCFD5}.Debug|x64.ActiveCfg = Debug|Any CPU
		{6A4B73A7-5E36-4A4C-ABEF-4EA5FE1FCFD5}.Debug|x64.Build.0 = Debug|Any CPU
		{6A4B73A7-5E36-4A4C-ABEF-4EA5FE1FCFD5}.Debug|x86.ActiveCfg = Debug|Any CPU
		{6A4B73A7-5E36-4A4C-ABEF-4EA5FE1FCFD5}.Debug|x86.Build.0 = Debug|Any CPU
		{6A4B73A7-5E36-4A4C-ABEF-4EA5FE1FCFD5}.Release|Any CPU.ActiveCfg = Release|Any CPU
		{6A4B73A7-5E36-4A4C-ABEF-4EA5FE1FCFD5}.Release|Any CPU.Build.0 = Release|Any CPU
		{6A4B73A7-5E36-4A4C-ABEF-4EA5FE1FCFD5}.Release|x64.ActiveCfg = Release|Any CPU
		{6A4B73A7-5E36-4A4C-ABEF-4EA5FE1FCFD5}.Release|x64.Build.0 = Release|Any CPU
		{6A4B73A7-5E36-4A4C-ABEF-4EA5FE1FCFD5}.Release|x86.ActiveCfg = Release|Any CPU
		{6A4B73A7-5E36-4A4C-ABEF-4EA5FE1FCFD5}.Release|x86.Build.0 = Release|Any CPU
	EndGlobalSection
	GlobalSection(SolutionProperties) = preSolution
		HideSolutionNode = FALSE
	EndGlobalSection
	GlobalSection(NestedProjects) = preSolution
		{D6165DDF-5D62-9B4F-D5A0-BD8E012D25C9} = {AE49D761-A782-2099-29A5-159B937B43CB}
		{5214C7F7-A347-63B3-5361-9459C2EA3717} = {D6165DDF-5D62-9B4F-D5A0-BD8E012D25C9}
		{DE5EC2E4-18DC-4F3D-8818-66CA2AEC6E60} = {5214C7F7-A347-63B3-5361-9459C2EA3717}
		{E1C25F83-4A7D-4B3E-9C61-82D5F4A1B73C} = {AE49D761-A782-2099-29A5-159B937B43CB}
		{3207CF55-8DF4-4B17-9E26-14C95B8A6D92} = {E1C25F83-4A7D-4B3E-9C61-82D5F4A1B73C}
		{283B8F1A-4E5D-4C2A-9F7B-1D3E5A8C2F0B} = {3207CF55-8DF4-4B17-9E26-14C95B8A6D92}
		{CF21E937-10D7-7C28-40A0-507EACB4C472} = {07C2787E-EAC7-C090-1BA3-A61EC2A24D84}
		{B3AD7126-E9DD-4745-9EDA-9CFF713A3184} = {CF21E937-10D7-7C28-40A0-507EACB4C472}
		{B1954A56-5D7B-4AA1-9491-3EAA004F687F} = {B3AD7126-E9DD-4745-9EDA-9CFF713A3184}
		{B4654B41-051C-450B-B668-D9D7BCB43F46} = {66320409-64EC-F7C5-3DEF-65E7510DAAD1}
		{4C7497C3-0F80-DCD5-99A6-3ECCF8198102} = {E54149B9-7F22-367F-9CC5-FD829E3AA07B}
		{754D130A-2CE4-1E44-62ED-B262CB5960E3} = {4C7497C3-0F80-DCD5-99A6-3ECCF8198102}
		{AEDD3DE3-36F3-AB32-3450-534F14145192} = {E54149B9-7F22-367F-9CC5-FD829E3AA07B}
		{649A22E6-A8D2-1D46-2F85-9DFDC83FE4FD} = {AEDD3DE3-36F3-AB32-3450-534F14145192}
		{6A1A463C-F84E-D307-86B7-B44C83236ECD} = {AE49D761-A782-2099-29A5-159B937B43CB}
		{29958A53-807C-4B7F-41A9-B8636B4945B5} = {6A1A463C-F84E-D307-86B7-B44C83236ECD}
		{6A4B73A7-5E36-4A4C-ABEF-4EA5FE1FCFD5} = {29958A53-807C-4B7F-41A9-B8636B4945B5}
	EndGlobalSection
EndGlobal
